
Microsoft Visual Studio Solution File, Format Version 11.00
# Visual Studio 2010 Express for Windows Phone
Project("{FAE04EC0-301F-11D3-BF4B-00C04F79EFBC}") = "Cet.Develop.WP.IO.Test", "Cet.Develop.WP.IO.Test\Cet.Develop.WP.IO.Test.csproj", "{5786C6B4-F8A5-440A-A415-DBE3D61AB6DE}"
EndProject
Project("{FAE04EC0-301F-11D3-BF4B-00C04F79EFBC}") = "Cet.Develop.WP.IO", "..\Cet.Develop.WP.IO\Cet.Develop.WP.IO.csproj", "{DB2B5F1A-E7AB-4582-BD57-642D05CA6399}"
EndProject
Global
	GlobalSection(SolutionConfigurationPlatforms) = preSolution
		Debug|Any CPU = Debug|Any CPU
		Release|Any CPU = Release|Any CPU
	EndGlobalSection
	GlobalSection(ProjectConfigurationPlatforms) = postSolution
		{5786C6B4-F8A5-440A-A415-DBE3D61AB6DE}.Debug|Any CPU.ActiveCfg = Debug|Any CPU
		{5786C6B4-F8A5-440A-A415-DBE3D61AB6DE}.Debug|Any CPU.Build.0 = Debug|Any CPU
		{5786C6B4-F8A5-440A-A415-DBE3D61AB6DE}.Debug|Any CPU.Deploy.0 = Debug|Any CPU
		{5786C6B4-F8A5-440A-A415-DBE3D61AB6DE}.Release|Any CPU.ActiveCfg = Release|Any CPU
		{5786C6B4-F8A5-440A-A415-DBE3D61AB6DE}.Release|Any CPU.Build.0 = Release|Any CPU
		{5786C6B4-F8A5-440A-A415-DBE3D61AB6DE}.Release|Any CPU.Deploy.0 = Release|Any CPU
		{DB2B5F1A-E7AB-4582-BD57-642D05CA6399}.Debug|Any CPU.ActiveCfg = Debug|Any CPU
		{DB2B5F1A-E7AB-4582-BD57-642D05CA6399}.Debug|Any CPU.Build.0 = Debug|Any CPU
		{DB2B5F1A-E7AB-4582-BD57-642D05CA6399}.Release|Any CPU.ActiveCfg = Release|Any CPU
		{DB2B5F1A-E7AB-4582-BD57-642D05CA6399}.Release|Any CPU.Build.0 = Release|Any CPU
	EndGlobalSection
	GlobalSection(SolutionProperties) = preSolution
		HideSolutionNode = FALSE
	EndGlobalSection
EndGlobal
