
Microsoft Visual Studio Solution File, Format Version 11.00
# Visual C# Express 2010
Project("{FAE04EC0-301F-11D3-BF4B-00C04F79EFBC}") = "Toolbox.NETMF.Hardware.Infrared.Test", "Toolbox.NETMF.Hardware.Infrared.Test\Toolbox.NETMF.Hardware.Infrared.Test.csproj", "{DBEEF062-C199-4E01-9168-D08F76881A60}"
EndProject
Project("{FAE04EC0-301F-11D3-BF4B-00C04F79EFBC}") = "Toolbox.NETMF.Hardware.Infrared", "..\Toolbox.NETMF.Hardware.Infrared\Toolbox.NETMF.Hardware.Infrared.csproj", "{DD412861-B2F8-4CAC-AAE3-AC0726545896}"
EndProject
Global
	GlobalSection(SolutionConfigurationPlatforms) = preSolution
		Debug|Any CPU = Debug|Any CPU
		Release|Any CPU = Release|Any CPU
	EndGlobalSection
	GlobalSection(ProjectConfigurationPlatforms) = postSolution
		{DBEEF062-C199-4E01-9168-D08F76881A60}.Debug|Any CPU.ActiveCfg = Debug|Any CPU
		{DBEEF062-C199-4E01-9168-D08F76881A60}.Debug|Any CPU.Build.0 = Debug|Any CPU
		{DBEEF062-C199-4E01-9168-D08F76881A60}.Debug|Any CPU.Deploy.0 = Debug|Any CPU
		{DBEEF062-C199-4E01-9168-D08F76881A60}.Release|Any CPU.ActiveCfg = Release|Any CPU
		{DBEEF062-C199-4E01-9168-D08F76881A60}.Release|Any CPU.Build.0 = Release|Any CPU
		{DBEEF062-C199-4E01-9168-D08F76881A60}.Release|Any CPU.Deploy.0 = Release|Any CPU
		{DD412861-B2F8-4CAC-AAE3-AC0726545896}.Debug|Any CPU.ActiveCfg = Debug|Any CPU
		{DD412861-B2F8-4CAC-AAE3-AC0726545896}.Debug|Any CPU.Build.0 = Debug|Any CPU
		{DD412861-B2F8-4CAC-AAE3-AC0726545896}.Release|Any CPU.ActiveCfg = Release|Any CPU
		{DD412861-B2F8-4CAC-AAE3-AC0726545896}.Release|Any CPU.Build.0 = Release|Any CPU
	EndGlobalSection
	GlobalSection(SolutionProperties) = preSolution
		HideSolutionNode = FALSE
	EndGlobalSection
EndGlobal
