
Microsoft Visual Studio Solution File, Format Version 11.00
# Visual C# Express 2010
Project("{FAE04EC0-301F-11D3-BF4B-00C04F79EFBC}") = "Toolbox.NETMF.Hardware.AutoRepeatInputPort.Test", "Toolbox.NETMF.Hardware.AutoRepeatInputPort.Test\Toolbox.NETMF.Hardware.AutoRepeatInputPort.Test.csproj", "{96E2D4AF-F6E9-4AB3-B9B1-3BC6492EE8AD}"
EndProject
Project("{FAE04EC0-301F-11D3-BF4B-00C04F79EFBC}") = "Toolbox.NETMF.Hardware.AutoRepeatInputPort", "..\Toolbox.NETMF.Hardware.AutoRepeatInputPort\Toolbox.NETMF.Hardware.AutoRepeatInputPort.csproj", "{54C61328-E6F7-4AC1-B8B5-1617B4977E47}"
EndProject
Global
	GlobalSection(SolutionConfigurationPlatforms) = preSolution
		Debug|Any CPU = Debug|Any CPU
		Release|Any CPU = Release|Any CPU
	EndGlobalSection
	GlobalSection(ProjectConfigurationPlatforms) = postSolution
		{96E2D4AF-F6E9-4AB3-B9B1-3BC6492EE8AD}.Debug|Any CPU.ActiveCfg = Debug|Any CPU
		{96E2D4AF-F6E9-4AB3-B9B1-3BC6492EE8AD}.Debug|Any CPU.Build.0 = Debug|Any CPU
		{96E2D4AF-F6E9-4AB3-B9B1-3BC6492EE8AD}.Debug|Any CPU.Deploy.0 = Debug|Any CPU
		{96E2D4AF-F6E9-4AB3-B9B1-3BC6492EE8AD}.Release|Any CPU.ActiveCfg = Release|Any CPU
		{96E2D4AF-F6E9-4AB3-B9B1-3BC6492EE8AD}.Release|Any CPU.Build.0 = Release|Any CPU
		{96E2D4AF-F6E9-4AB3-B9B1-3BC6492EE8AD}.Release|Any CPU.Deploy.0 = Release|Any CPU
		{54C61328-E6F7-4AC1-B8B5-1617B4977E47}.Debug|Any CPU.ActiveCfg = Debug|Any CPU
		{54C61328-E6F7-4AC1-B8B5-1617B4977E47}.Debug|Any CPU.Build.0 = Debug|Any CPU
		{54C61328-E6F7-4AC1-B8B5-1617B4977E47}.Release|Any CPU.ActiveCfg = Release|Any CPU
		{54C61328-E6F7-4AC1-B8B5-1617B4977E47}.Release|Any CPU.Build.0 = Release|Any CPU
	EndGlobalSection
	GlobalSection(SolutionProperties) = preSolution
		HideSolutionNode = FALSE
	EndGlobalSection
EndGlobal
