
Microsoft Visual Studio Solution File, Format Version 11.00
# Visual C# Express 2010
Project("{FAE04EC0-301F-11D3-BF4B-00C04F79EFBC}") = "Cet.IO.DemoModbus_MF41", "Cet.IO.DemoModbus_MF\Cet.IO.DemoModbus_MF41.csproj", "{E40FF47F-9E47-47CD-915B-D5FEA19F68AD}"
EndProject
Project("{FAE04EC0-301F-11D3-BF4B-00C04F79EFBC}") = "Cet.IO_MF41", "..\Cet.IO\Cet.IO_MF41.csproj", "{A004F986-6FB5-4161-B6AC-CA216F717890}"
EndProject
Project("{FAE04EC0-301F-11D3-BF4B-00C04F79EFBC}") = "Cet.IO.Net_MF41", "..\Cet.IO.Net\Cet.IO.Net_MF41.csproj", "{59453200-A052-4091-8A59-10990E680A4E}"
EndProject
Project("{FAE04EC0-301F-11D3-BF4B-00C04F79EFBC}") = "Cet.IO.Serial_MF41", "..\Cet.IO.Serial\Cet.IO.Serial_MF41.csproj", "{F6A26A91-5ECA-4C7E-BD3A-911C51C9A595}"
EndProject
Project("{FAE04EC0-301F-11D3-BF4B-00C04F79EFBC}") = "Cet.IO.Protocols.Modbus_MF41", "..\Cet.IO.Protocols.Modbus\Cet.IO.Protocols.Modbus_MF41.csproj", "{6CB78D84-5892-46E0-9F0D-303542526AE8}"
EndProject
Project("{FAE04EC0-301F-11D3-BF4B-00C04F79EFBC}") = "Cet.Core_MF41", "..\..\Cet.Core\Cet.Core_MF\Cet.Core_MF41.csproj", "{090D2B16-6862-430F-BD15-5BF0177025DD}"
EndProject
Global
	GlobalSection(SolutionConfigurationPlatforms) = preSolution
		Debug|Any CPU = Debug|Any CPU
		Release|Any CPU = Release|Any CPU
	EndGlobalSection
	GlobalSection(ProjectConfigurationPlatforms) = postSolution
		{E40FF47F-9E47-47CD-915B-D5FEA19F68AD}.Debug|Any CPU.ActiveCfg = Debug|Any CPU
		{E40FF47F-9E47-47CD-915B-D5FEA19F68AD}.Debug|Any CPU.Build.0 = Debug|Any CPU
		{E40FF47F-9E47-47CD-915B-D5FEA19F68AD}.Debug|Any CPU.Deploy.0 = Debug|Any CPU
		{E40FF47F-9E47-47CD-915B-D5FEA19F68AD}.Release|Any CPU.ActiveCfg = Release|Any CPU
		{E40FF47F-9E47-47CD-915B-D5FEA19F68AD}.Release|Any CPU.Build.0 = Release|Any CPU
		{E40FF47F-9E47-47CD-915B-D5FEA19F68AD}.Release|Any CPU.Deploy.0 = Release|Any CPU
		{A004F986-6FB5-4161-B6AC-CA216F717890}.Debug|Any CPU.ActiveCfg = Debug|Any CPU
		{A004F986-6FB5-4161-B6AC-CA216F717890}.Debug|Any CPU.Build.0 = Debug|Any CPU
		{A004F986-6FB5-4161-B6AC-CA216F717890}.Release|Any CPU.ActiveCfg = Release|Any CPU
		{A004F986-6FB5-4161-B6AC-CA216F717890}.Release|Any CPU.Build.0 = Release|Any CPU
		{59453200-A052-4091-8A59-10990E680A4E}.Debug|Any CPU.ActiveCfg = Debug|Any CPU
		{59453200-A052-4091-8A59-10990E680A4E}.Debug|Any CPU.Build.0 = Debug|Any CPU
		{59453200-A052-4091-8A59-10990E680A4E}.Release|Any CPU.ActiveCfg = Release|Any CPU
		{59453200-A052-4091-8A59-10990E680A4E}.Release|Any CPU.Build.0 = Release|Any CPU
		{F6A26A91-5ECA-4C7E-BD3A-911C51C9A595}.Debug|Any CPU.ActiveCfg = Debug|Any CPU
		{F6A26A91-5ECA-4C7E-BD3A-911C51C9A595}.Debug|Any CPU.Build.0 = Debug|Any CPU
		{F6A26A91-5ECA-4C7E-BD3A-911C51C9A595}.Release|Any CPU.ActiveCfg = Release|Any CPU
		{F6A26A91-5ECA-4C7E-BD3A-911C51C9A595}.Release|Any CPU.Build.0 = Release|Any CPU
		{6CB78D84-5892-46E0-9F0D-303542526AE8}.Debug|Any CPU.ActiveCfg = Debug|Any CPU
		{6CB78D84-5892-46E0-9F0D-303542526AE8}.Debug|Any CPU.Build.0 = Debug|Any CPU
		{6CB78D84-5892-46E0-9F0D-303542526AE8}.Release|Any CPU.ActiveCfg = Release|Any CPU
		{6CB78D84-5892-46E0-9F0D-303542526AE8}.Release|Any CPU.Build.0 = Release|Any CPU
		{090D2B16-6862-430F-BD15-5BF0177025DD}.Debug|Any CPU.ActiveCfg = Debug|Any CPU
		{090D2B16-6862-430F-BD15-5BF0177025DD}.Debug|Any CPU.Build.0 = Debug|Any CPU
		{090D2B16-6862-430F-BD15-5BF0177025DD}.Release|Any CPU.ActiveCfg = Release|Any CPU
		{090D2B16-6862-430F-BD15-5BF0177025DD}.Release|Any CPU.Build.0 = Release|Any CPU
	EndGlobalSection
	GlobalSection(SolutionProperties) = preSolution
		HideSolutionNode = FALSE
	EndGlobalSection
EndGlobal
